symfony v2.0.10
twig v1.6.0
monolog 1.0.2
doctrine-common 2.1.4
doctrine-dbal 2.1.6
doctrine 2.1.6
swiftmailer v4.1.5
assetic v1.0.2
twig-extensions feb6d3f10c411e2631997c0a905aa581c80305c1
metadata 1.1.0
SensioFrameworkExtraBundle 891359252711c424d5da8cac9fa1e757450a6db2
JMSSecurityExtraBundle e752f888c51425f71382c056961f10f2be642102
SensioDistributionBundle 41a6c5caed65f02bb09c95a90579f047616471fd
SensioGeneratorBundle c0118ce370f8da20e43051f2dd1ae331a202ab9c
AsseticBundle v1.0.1
doctrine-fixtures 1f0b8be5db0b53681f80c99324c94e21e1efe39a
DoctrineFixturesBundle a66be2f077f3a4e5c3801b356b42b8782f1abbd6
knockout-js 42da2d84d481ae41d01f90bd0283daa444098f14
JMSSerializerBundle 801132b68520b2b1f826a50e4eb12a31e1463303